
Microsoft Visual Studio Solution File, Format Version 12.00
# Visual Studio Version 17
VisualStudioVersion = 17.7.34031.279
MinimumVisualStudioVersion = 10.0.40219.1
Project("{8BC9CEB8-8B4A-11D0-8D11-00A0C91BC942}") = "Project", "Project\Project.vcxproj", "{81083F92-6C8B-45C1-AC04-93D5F8BD9AF4}"
EndProject
Global
	GlobalSection(SolutionConfigurationPlatforms) = preSolution
		Debug|x64 = Debug|x64
		Debug|x86 = Debug|x86
		Release|x64 = Release|x64
		Release|x86 = Release|x86
	EndGlobalSection
	GlobalSection(ProjectConfigurationPlatforms) = postSolution
		{81083F92-6C8B-45C1-AC04-93D5F8BD9AF4}.Debug|x64.ActiveCfg = Debug|x64
		{81083F92-6C8B-45C1-AC04-93D5F8BD9AF4}.Debug|x64.Build.0 = Debug|x64
		{81083F92-6C8B-45C1-AC04-93D5F8BD9AF4}.Debug|x86.ActiveCfg = Debug|Win32
		{81083F92-6C8B-45C1-AC04-93D5F8BD9AF4}.Debug|x86.Build.0 = Debug|Win32
		{81083F92-6C8B-45C1-AC04-93D5F8BD9AF4}.Release|x64.ActiveCfg = Release|x64
		{81083F92-6C8B-45C1-AC04-93D5F8BD9AF4}.Release|x64.Build.0 = Release|x64
		{81083F92-6C8B-45C1-AC04-93D5F8BD9AF4}.Release|x86.ActiveCfg = Release|Win32
		{81083F92-6C8B-45C1-AC04-93D5F8BD9AF4}.Release|x86.Build.0 = Release|Win32
	EndGlobalSection
	GlobalSection(SolutionProperties) = preSolution
		HideSolutionNode = FALSE
	EndGlobalSection
	GlobalSection(ExtensibilityGlobals) = postSolution
		SolutionGuid = {0A245D48-3E94-4C7E-89C1-842908EC38B3}
	EndGlobalSection
EndGlobal
